
Microsoft Visual Studio Solution File, Format Version 12.00
# Visual Studio Version 17
VisualStudioVersion = 17.3.32901.215
MinimumVisualStudioVersion = 10.0.40219.1
Project("{9A19103F-16F7-4668-BE54-9A1E7A4F7556}") = "Lab_1", "Lab_1\Lab_1.csproj", "{4F203E77-1D8E-493E-851E-6F597DBFE60D}"
EndProject
Project("{9A19103F-16F7-4668-BE54-9A1E7A4F7556}") = "Lab_2", "Lab_2\Lab_2\Lab_2.csproj", "{FE125C89-DF63-4EB5-A53C-7433A909761C}"
EndProject
Project("{9A19103F-16F7-4668-BE54-9A1E7A4F7556}") = "Lab_3", "Lab_3\Lab_3.csproj", "{C2F81EE6-51A1-4C1A-B759-439D6DB9CC2D}"
EndProject
Project("{9A19103F-16F7-4668-BE54-9A1E7A4F7556}") = "Lab_4", "Lab_4\Lab_4.csproj", "{E1803A81-2100-49E3-B132-9CBA39A29912}"
EndProject
Project("{FAE04EC0-301F-11D3-BF4B-00C04F79EFBC}") = "Lab_5", "Lab_5\Lab_5.csproj", "{CE2D1054-7D34-4261-9C7D-23855677C346}"
EndProject
Global
	GlobalSection(SolutionConfigurationPlatforms) = preSolution
		Debug|Any CPU = Debug|Any CPU
		Release|Any CPU = Release|Any CPU
	EndGlobalSection
	GlobalSection(ProjectConfigurationPlatforms) = postSolution
		{4F203E77-1D8E-493E-851E-6F597DBFE60D}.Debug|Any CPU.ActiveCfg = Debug|Any CPU
		{4F203E77-1D8E-493E-851E-6F597DBFE60D}.Debug|Any CPU.Build.0 = Debug|Any CPU
		{4F203E77-1D8E-493E-851E-6F597DBFE60D}.Release|Any CPU.ActiveCfg = Release|Any CPU
		{4F203E77-1D8E-493E-851E-6F597DBFE60D}.Release|Any CPU.Build.0 = Release|Any CPU
		{FE125C89-DF63-4EB5-A53C-7433A909761C}.Debug|Any CPU.ActiveCfg = Debug|Any CPU
		{FE125C89-DF63-4EB5-A53C-7433A909761C}.Debug|Any CPU.Build.0 = Debug|Any CPU
		{FE125C89-DF63-4EB5-A53C-7433A909761C}.Release|Any CPU.ActiveCfg = Release|Any CPU
		{FE125C89-DF63-4EB5-A53C-7433A909761C}.Release|Any CPU.Build.0 = Release|Any CPU
		{C2F81EE6-51A1-4C1A-B759-439D6DB9CC2D}.Debug|Any CPU.ActiveCfg = Debug|Any CPU
		{C2F81EE6-51A1-4C1A-B759-439D6DB9CC2D}.Debug|Any CPU.Build.0 = Debug|Any CPU
		{C2F81EE6-51A1-4C1A-B759-439D6DB9CC2D}.Release|Any CPU.ActiveCfg = Release|Any CPU
		{C2F81EE6-51A1-4C1A-B759-439D6DB9CC2D}.Release|Any CPU.Build.0 = Release|Any CPU
		{E1803A81-2100-49E3-B132-9CBA39A29912}.Debug|Any CPU.ActiveCfg = Debug|Any CPU
		{E1803A81-2100-49E3-B132-9CBA39A29912}.Debug|Any CPU.Build.0 = Debug|Any CPU
		{E1803A81-2100-49E3-B132-9CBA39A29912}.Release|Any CPU.ActiveCfg = Release|Any CPU
		{E1803A81-2100-49E3-B132-9CBA39A29912}.Release|Any CPU.Build.0 = Release|Any CPU
		{CE2D1054-7D34-4261-9C7D-23855677C346}.Debug|Any CPU.ActiveCfg = Debug|Any CPU
		{CE2D1054-7D34-4261-9C7D-23855677C346}.Debug|Any CPU.Build.0 = Debug|Any CPU
		{CE2D1054-7D34-4261-9C7D-23855677C346}.Release|Any CPU.ActiveCfg = Release|Any CPU
		{CE2D1054-7D34-4261-9C7D-23855677C346}.Release|Any CPU.Build.0 = Release|Any CPU
	EndGlobalSection
	GlobalSection(SolutionProperties) = preSolution
		HideSolutionNode = FALSE
	EndGlobalSection
	GlobalSection(ExtensibilityGlobals) = postSolution
		SolutionGuid = {6BE07351-1811-4FE0-9921-ADDD5FC92237}
	EndGlobalSection
EndGlobal
